
Microsoft Visual Studio Solution File, Format Version 12.00
# Visual Studio Version 17
VisualStudioVersion = 17.11.35327.3
MinimumVisualStudioVersion = 10.0.40219.1
Project("{FAE04EC0-301F-11D3-BF4B-00C04F79EFBC}") = "DiceObject2", "DiceObject2\DiceObject2.csproj", "{52277827-F264-419F-919C-170CA96AABB2}"
EndProject
Global
	GlobalSection(SolutionConfigurationPlatforms) = preSolution
		Debug|Any CPU = Debug|Any CPU
		Release|Any CPU = Release|Any CPU
	EndGlobalSection
	GlobalSection(ProjectConfigurationPlatforms) = postSolution
		{52277827-F264-419F-919C-170CA96AABB2}.Debug|Any CPU.ActiveCfg = Debug|Any CPU
		{52277827-F264-419F-919C-170CA96AABB2}.Debug|Any CPU.Build.0 = Debug|Any CPU
		{52277827-F264-419F-919C-170CA96AABB2}.Release|Any CPU.ActiveCfg = Release|Any CPU
		{52277827-F264-419F-919C-170CA96AABB2}.Release|Any CPU.Build.0 = Release|Any CPU
	EndGlobalSection
	GlobalSection(SolutionProperties) = preSolution
		HideSolutionNode = FALSE
	EndGlobalSection
	GlobalSection(ExtensibilityGlobals) = postSolution
		SolutionGuid = {D6CF6322-49B0-4201-90A9-1416AEE4DA68}
	EndGlobalSection
EndGlobal
