
Microsoft Visual Studio Solution File, Format Version 12.00
# Visual Studio Version 17
VisualStudioVersion = 17.11.35327.3
MinimumVisualStudioVersion = 10.0.40219.1
Project("{FAE04EC0-301F-11D3-BF4B-00C04F79EFBC}") = "DiceMethod", "DiceMethod\DiceMethod.csproj", "{93874621-4A99-43CF-AC41-DD373BFB762F}"
EndProject
Global
	GlobalSection(SolutionConfigurationPlatforms) = preSolution
		Debug|Any CPU = Debug|Any CPU
		Release|Any CPU = Release|Any CPU
	EndGlobalSection
	GlobalSection(ProjectConfigurationPlatforms) = postSolution
		{93874621-4A99-43CF-AC41-DD373BFB762F}.Debug|Any CPU.ActiveCfg = Debug|Any CPU
		{93874621-4A99-43CF-AC41-DD373BFB762F}.Debug|Any CPU.Build.0 = Debug|Any CPU
		{93874621-4A99-43CF-AC41-DD373BFB762F}.Release|Any CPU.ActiveCfg = Release|Any CPU
		{93874621-4A99-43CF-AC41-DD373BFB762F}.Release|Any CPU.Build.0 = Release|Any CPU
	EndGlobalSection
	GlobalSection(SolutionProperties) = preSolution
		HideSolutionNode = FALSE
	EndGlobalSection
	GlobalSection(ExtensibilityGlobals) = postSolution
		SolutionGuid = {8BCFFA79-2D65-413A-8E96-0AF09F18D790}
	EndGlobalSection
EndGlobal
