
Microsoft Visual Studio Solution File, Format Version 12.00
# Visual Studio Version 17
VisualStudioVersion = 17.10.35027.167
MinimumVisualStudioVersion = 10.0.40219.1
Project("{FAE04EC0-301F-11D3-BF4B-00C04F79EFBC}") = "Activity1", "Activity1\Activity1.csproj", "{453AA56A-FE12-4797-9C3A-843D8A46F260}"
EndProject
Global
	GlobalSection(SolutionConfigurationPlatforms) = preSolution
		Debug|Any CPU = Debug|Any CPU
		Release|Any CPU = Release|Any CPU
	EndGlobalSection
	GlobalSection(ProjectConfigurationPlatforms) = postSolution
		{453AA56A-FE12-4797-9C3A-843D8A46F260}.Debug|Any CPU.ActiveCfg = Debug|Any CPU
		{453AA56A-FE12-4797-9C3A-843D8A46F260}.Debug|Any CPU.Build.0 = Debug|Any CPU
		{453AA56A-FE12-4797-9C3A-843D8A46F260}.Release|Any CPU.ActiveCfg = Release|Any CPU
		{453AA56A-FE12-4797-9C3A-843D8A46F260}.Release|Any CPU.Build.0 = Release|Any CPU
	EndGlobalSection
	GlobalSection(SolutionProperties) = preSolution
		HideSolutionNode = FALSE
	EndGlobalSection
	GlobalSection(ExtensibilityGlobals) = postSolution
		SolutionGuid = {9D58BEE5-A7A5-4B2A-B9C7-D9E0FD3580D7}
	EndGlobalSection
EndGlobal
