
Microsoft Visual Studio Solution File, Format Version 12.00
# Visual Studio Version 17
VisualStudioVersion = 17.11.35327.3
MinimumVisualStudioVersion = 10.0.40219.1
Project("{FAE04EC0-301F-11D3-BF4B-00C04F79EFBC}") = "DiceObject", "DiceObject\DiceObject.csproj", "{B3B471EB-A0F6-4F55-8079-1AB0D7E844AF}"
EndProject
Global
	GlobalSection(SolutionConfigurationPlatforms) = preSolution
		Debug|Any CPU = Debug|Any CPU
		Release|Any CPU = Release|Any CPU
	EndGlobalSection
	GlobalSection(ProjectConfigurationPlatforms) = postSolution
		{B3B471EB-A0F6-4F55-8079-1AB0D7E844AF}.Debug|Any CPU.ActiveCfg = Debug|Any CPU
		{B3B471EB-A0F6-4F55-8079-1AB0D7E844AF}.Debug|Any CPU.Build.0 = Debug|Any CPU
		{B3B471EB-A0F6-4F55-8079-1AB0D7E844AF}.Release|Any CPU.ActiveCfg = Release|Any CPU
		{B3B471EB-A0F6-4F55-8079-1AB0D7E844AF}.Release|Any CPU.Build.0 = Release|Any CPU
	EndGlobalSection
	GlobalSection(SolutionProperties) = preSolution
		HideSolutionNode = FALSE
	EndGlobalSection
	GlobalSection(ExtensibilityGlobals) = postSolution
		SolutionGuid = {213A456E-C803-41DC-ADFC-648A638C55E6}
	EndGlobalSection
EndGlobal
